
Microsoft Visual Studio Solution File, Format Version 9.00
# Visual Studio 2005
Project("{8BC9CEB8-8B4A-11D0-8D11-00A0C91BC942}") = "CxxTest_1_Run", "CxxTest_1_Run.vcproj", "{13E9298E-BC38-401F-8A11-5DBD03A33ABE}"
	ProjectSection(ProjectDependencies) = postProject
		{F6369538-0E60-4728-B192-32CB7266D1EF} = {F6369538-0E60-4728-B192-32CB7266D1EF}
	EndProjectSection
EndProject
Project("{8BC9CEB8-8B4A-11D0-8D11-00A0C91BC942}") = "CxxTest_2_Build", "CxxTest_2_Build.vcproj", "{F6369538-0E60-4728-B192-32CB7266D1EF}"
	ProjectSection(ProjectDependencies) = postProject
		{657BF5EC-464A-411C-BE66-FD2D48CF5E08} = {657BF5EC-464A-411C-BE66-FD2D48CF5E08}
	EndProjectSection
EndProject
Project("{8BC9CEB8-8B4A-11D0-8D11-00A0C91BC942}") = "CxxTest_3_Generate", "CxxTest_3_Generate.vcproj", "{657BF5EC-464A-411C-BE66-FD2D48CF5E08}"
EndProject
Global
	GlobalSection(SolutionConfigurationPlatforms) = preSolution
		Debug|Win32 = Debug|Win32
		Release|Win32 = Release|Win32
	EndGlobalSection
	GlobalSection(ProjectConfigurationPlatforms) = postSolution
		{13E9298E-BC38-401F-8A11-5DBD03A33ABE}.Debug|Win32.ActiveCfg = Debug|Win32
		{13E9298E-BC38-401F-8A11-5DBD03A33ABE}.Debug|Win32.Build.0 = Debug|Win32
		{13E9298E-BC38-401F-8A11-5DBD03A33ABE}.Release|Win32.ActiveCfg = Release|Win32
		{13E9298E-BC38-401F-8A11-5DBD03A33ABE}.Release|Win32.Build.0 = Release|Win32
		{F6369538-0E60-4728-B192-32CB7266D1EF}.Debug|Win32.ActiveCfg = Debug|Win32
		{F6369538-0E60-4728-B192-32CB7266D1EF}.Debug|Win32.Build.0 = Debug|Win32
		{F6369538-0E60-4728-B192-32CB7266D1EF}.Release|Win32.ActiveCfg = Release|Win32
		{F6369538-0E60-4728-B192-32CB7266D1EF}.Release|Win32.Build.0 = Release|Win32
		{657BF5EC-464A-411C-BE66-FD2D48CF5E08}.Debug|Win32.ActiveCfg = Debug|Win32
		{657BF5EC-464A-411C-BE66-FD2D48CF5E08}.Debug|Win32.Build.0 = Debug|Win32
		{657BF5EC-464A-411C-BE66-FD2D48CF5E08}.Release|Win32.ActiveCfg = Release|Win32
		{657BF5EC-464A-411C-BE66-FD2D48CF5E08}.Release|Win32.Build.0 = Release|Win32
	EndGlobalSection
	GlobalSection(SolutionProperties) = preSolution
		HideSolutionNode = FALSE
	EndGlobalSection
EndGlobal
